
Microsoft Visual Studio Solution File, Format Version 12.00
# Visual Studio 15
VisualStudioVersion = 15.0.28307.572
MinimumVisualStudioVersion = 10.0.40219.1
Project("{FAE04EC0-301F-11D3-BF4B-00C04F79EFBC}") = "UpcomingMovies.Android", "UpcomingMovies\UpcomingMovies.Android\UpcomingMovies.Android.csproj", "{EC06D5A3-C74E-4CDB-B1C8-2F0D98EE57C3}"
EndProject
Project("{FAE04EC0-301F-11D3-BF4B-00C04F79EFBC}") = "UpcomingMovies.iOS", "UpcomingMovies\UpcomingMovies.iOS\UpcomingMovies.iOS.csproj", "{214A3F82-8587-4860-9275-64CD011FFFE4}"
EndProject
Project("{FAE04EC0-301F-11D3-BF4B-00C04F79EFBC}") = "UpcomingMovies.UWP", "UpcomingMovies\UpcomingMovies.UWP\UpcomingMovies.UWP.csproj", "{6CFDCEC2-C394-4EFC-9CB5-C496ACCD7FEB}"
EndProject
Project("{9A19103F-16F7-4668-BE54-9A1E7A4F7556}") = "UpcomingMovies", "UpcomingMovies\UpcomingMovies\UpcomingMovies.csproj", "{F052F717-57B9-4ABC-A657-0E68CC5FA18B}"
EndProject
Global
	GlobalSection(SolutionConfigurationPlatforms) = preSolution
		Ad-Hoc|Any CPU = Ad-Hoc|Any CPU
		Ad-Hoc|ARM = Ad-Hoc|ARM
		Ad-Hoc|iPhone = Ad-Hoc|iPhone
		Ad-Hoc|iPhoneSimulator = Ad-Hoc|iPhoneSimulator
		Ad-Hoc|x64 = Ad-Hoc|x64
		Ad-Hoc|x86 = Ad-Hoc|x86
		AppStore|Any CPU = AppStore|Any CPU
		AppStore|ARM = AppStore|ARM
		AppStore|iPhone = AppStore|iPhone
		AppStore|iPhoneSimulator = AppStore|iPhoneSimulator
		AppStore|x64 = AppStore|x64
		AppStore|x86 = AppStore|x86
		Debug|Any CPU = Debug|Any CPU
		Debug|ARM = Debug|ARM
		Debug|iPhone = Debug|iPhone
		Debug|iPhoneSimulator = Debug|iPhoneSimulator
		Debug|x64 = Debug|x64
		Debug|x86 = Debug|x86
		Release|Any CPU = Release|Any CPU
		Release|ARM = Release|ARM
		Release|iPhone = Release|iPhone
		Release|iPhoneSimulator = Release|iPhoneSimulator
		Release|x64 = Release|x64
		Release|x86 = Release|x86
	EndGlobalSection
	GlobalSection(ProjectConfigurationPlatforms) = postSolution
		{EC06D5A3-C74E-4CDB-B1C8-2F0D98EE57C3}.Ad-Hoc|Any CPU.ActiveCfg = Release|Any CPU
		{EC06D5A3-C74E-4CDB-B1C8-2F0D98EE57C3}.Ad-Hoc|Any CPU.Build.0 = Release|Any CPU
		{EC06D5A3-C74E-4CDB-B1C8-2F0D98EE57C3}.Ad-Hoc|Any CPU.Deploy.0 = Release|Any CPU
		{EC06D5A3-C74E-4CDB-B1C8-2F0D98EE57C3}.Ad-Hoc|ARM.ActiveCfg = Release|Any CPU
		{EC06D5A3-C74E-4CDB-B1C8-2F0D98EE57C3}.Ad-Hoc|ARM.Build.0 = Release|Any CPU
		{EC06D5A3-C74E-4CDB-B1C8-2F0D98EE57C3}.Ad-Hoc|ARM.Deploy.0 = Release|Any CPU
		{EC06D5A3-C74E-4CDB-B1C8-2F0D98EE57C3}.Ad-Hoc|iPhone.ActiveCfg = Release|Any CPU
		{EC06D5A3-C74E-4CDB-B1C8-2F0D98EE57C3}.Ad-Hoc|iPhone.Build.0 = Release|Any CPU
		{EC06D5A3-C74E-4CDB-B1C8-2F0D98EE57C3}.Ad-Hoc|iPhone.Deploy.0 = Release|Any CPU
		{EC06D5A3-C74E-4CDB-B1C8-2F0D98EE57C3}.Ad-Hoc|iPhoneSimulator.ActiveCfg = Release|Any CPU
		{EC06D5A3-C74E-4CDB-B1C8-2F0D98EE57C3}.Ad-Hoc|iPhoneSimulator.Build.0 = Release|Any CPU
		{EC06D5A3-C74E-4CDB-B1C8-2F0D98EE57C3}.Ad-Hoc|iPhoneSimulator.Deploy.0 = Release|Any CPU
		{EC06D5A3-C74E-4CDB-B1C8-2F0D98EE57C3}.Ad-Hoc|x64.ActiveCfg = Release|Any CPU
		{EC06D5A3-C74E-4CDB-B1C8-2F0D98EE57C3}.Ad-Hoc|x64.Build.0 = Release|Any CPU
		{EC06D5A3-C74E-4CDB-B1C8-2F0D98EE57C3}.Ad-Hoc|x64.Deploy.0 = Release|Any CPU
		{EC06D5A3-C74E-4CDB-B1C8-2F0D98EE57C3}.Ad-Hoc|x86.ActiveCfg = Release|Any CPU
		{EC06D5A3-C74E-4CDB-B1C8-2F0D98EE57C3}.Ad-Hoc|x86.Build.0 = Release|Any CPU
		{EC06D5A3-C74E-4CDB-B1C8-2F0D98EE57C3}.Ad-Hoc|x86.Deploy.0 = Release|Any CPU
		{EC06D5A3-C74E-4CDB-B1C8-2F0D98EE57C3}.AppStore|Any CPU.ActiveCfg = Release|Any CPU
		{EC06D5A3-C74E-4CDB-B1C8-2F0D98EE57C3}.AppStore|Any CPU.Build.0 = Release|Any CPU
		{EC06D5A3-C74E-4CDB-B1C8-2F0D98EE57C3}.AppStore|Any CPU.Deploy.0 = Release|Any CPU
		{EC06D5A3-C74E-4CDB-B1C8-2F0D98EE57C3}.AppStore|ARM.ActiveCfg = Release|Any CPU
		{EC06D5A3-C74E-4CDB-B1C8-2F0D98EE57C3}.AppStore|ARM.Build.0 = Release|Any CPU
		{EC06D5A3-C74E-4CDB-B1C8-2F0D98EE57C3}.AppStore|ARM.Deploy.0 = Release|Any CPU
		{EC06D5A3-C74E-4CDB-B1C8-2F0D98EE57C3}.AppStore|iPhone.ActiveCfg = Release|Any CPU
		{EC06D5A3-C74E-4CDB-B1C8-2F0D98EE57C3}.AppStore|iPhone.Build.0 = Release|Any CPU
		{EC06D5A3-C74E-4CDB-B1C8-2F0D98EE57C3}.AppStore|iPhone.Deploy.0 = Release|Any CPU
		{EC06D5A3-C74E-4CDB-B1C8-2F0D98EE57C3}.AppStore|iPhoneSimulator.ActiveCfg = Release|Any CPU
		{EC06D5A3-C74E-4CDB-B1C8-2F0D98EE57C3}.AppStore|iPhoneSimulator.Build.0 = Release|Any CPU
		{EC06D5A3-C74E-4CDB-B1C8-2F0D98EE57C3}.AppStore|iPhoneSimulator.Deploy.0 = Release|Any CPU
		{EC06D5A3-C74E-4CDB-B1C8-2F0D98EE57C3}.AppStore|x64.ActiveCfg = Release|Any CPU
		{EC06D5A3-C74E-4CDB-B1C8-2F0D98EE57C3}.AppStore|x64.Build.0 = Release|Any CPU
		{EC06D5A3-C74E-4CDB-B1C8-2F0D98EE57C3}.AppStore|x64.Deploy.0 = Release|Any CPU
		{EC06D5A3-C74E-4CDB-B1C8-2F0D98EE57C3}.AppStore|x86.ActiveCfg = Release|Any CPU
		{EC06D5A3-C74E-4CDB-B1C8-2F0D98EE57C3}.AppStore|x86.Build.0 = Release|Any CPU
		{EC06D5A3-C74E-4CDB-B1C8-2F0D98EE57C3}.AppStore|x86.Deploy.0 = Release|Any CPU
		{EC06D5A3-C74E-4CDB-B1C8-2F0D98EE57C3}.Debug|Any CPU.ActiveCfg = Debug|Any CPU
		{EC06D5A3-C74E-4CDB-B1C8-2F0D98EE57C3}.Debug|Any CPU.Build.0 = Debug|Any CPU
		{EC06D5A3-C74E-4CDB-B1C8-2F0D98EE57C3}.Debug|Any CPU.Deploy.0 = Debug|Any CPU
		{EC06D5A3-C74E-4CDB-B1C8-2F0D98EE57C3}.Debug|ARM.ActiveCfg = Debug|Any CPU
		{EC06D5A3-C74E-4CDB-B1C8-2F0D98EE57C3}.Debug|ARM.Build.0 = Debug|Any CPU
		{EC06D5A3-C74E-4CDB-B1C8-2F0D98EE57C3}.Debug|ARM.Deploy.0 = Debug|Any CPU
		{EC06D5A3-C74E-4CDB-B1C8-2F0D98EE57C3}.Debug|iPhone.ActiveCfg = Debug|Any CPU
		{EC06D5A3-C74E-4CDB-B1C8-2F0D98EE57C3}.Debug|iPhone.Build.0 = Debug|Any CPU
		{EC06D5A3-C74E-4CDB-B1C8-2F0D98EE57C3}.Debug|iPhone.Deploy.0 = Debug|Any CPU
		{EC06D5A3-C74E-4CDB-B1C8-2F0D98EE57C3}.Debug|iPhoneSimulator.ActiveCfg = Debug|Any CPU
		{EC06D5A3-C74E-4CDB-B1C8-2F0D98EE57C3}.Debug|iPhoneSimulator.Build.0 = Debug|Any CPU
		{EC06D5A3-C74E-4CDB-B1C8-2F0D98EE57C3}.Debug|iPhoneSimulator.Deploy.0 = Debug|Any CPU
		{EC06D5A3-C74E-4CDB-B1C8-2F0D98EE57C3}.Debug|x64.ActiveCfg = Debug|Any CPU
		{EC06D5A3-C74E-4CDB-B1C8-2F0D98EE57C3}.Debug|x64.Build.0 = Debug|Any CPU
		{EC06D5A3-C74E-4CDB-B1C8-2F0D98EE57C3}.Debug|x64.Deploy.0 = Debug|Any CPU
		{EC06D5A3-C74E-4CDB-B1C8-2F0D98EE57C3}.Debug|x86.ActiveCfg = Debug|Any CPU
		{EC06D5A3-C74E-4CDB-B1C8-2F0D98EE57C3}.Debug|x86.Build.0 = Debug|Any CPU
		{EC06D5A3-C74E-4CDB-B1C8-2F0D98EE57C3}.Debug|x86.Deploy.0 = Debug|Any CPU
		{EC06D5A3-C74E-4CDB-B1C8-2F0D98EE57C3}.Release|Any CPU.ActiveCfg = Release|Any CPU
		{EC06D5A3-C74E-4CDB-B1C8-2F0D98EE57C3}.Release|Any CPU.Build.0 = Release|Any CPU
		{EC06D5A3-C74E-4CDB-B1C8-2F0D98EE57C3}.Release|Any CPU.Deploy.0 = Release|Any CPU
		{EC06D5A3-C74E-4CDB-B1C8-2F0D98EE57C3}.Release|ARM.ActiveCfg = Release|Any CPU
		{EC06D5A3-C74E-4CDB-B1C8-2F0D98EE57C3}.Release|ARM.Build.0 = Release|Any CPU
		{EC06D5A3-C74E-4CDB-B1C8-2F0D98EE57C3}.Release|ARM.Deploy.0 = Release|Any CPU
		{EC06D5A3-C74E-4CDB-B1C8-2F0D98EE57C3}.Release|iPhone.ActiveCfg = Release|Any CPU
		{EC06D5A3-C74E-4CDB-B1C8-2F0D98EE57C3}.Release|iPhone.Build.0 = Release|Any CPU
		{EC06D5A3-C74E-4CDB-B1C8-2F0D98EE57C3}.Release|iPhone.Deploy.0 = Release|Any CPU
		{EC06D5A3-C74E-4CDB-B1C8-2F0D98EE57C3}.Release|iPhoneSimulator.ActiveCfg = Release|Any CPU
		{EC06D5A3-C74E-4CDB-B1C8-2F0D98EE57C3}.Release|iPhoneSimulator.Build.0 = Release|Any CPU
		{EC06D5A3-C74E-4CDB-B1C8-2F0D98EE57C3}.Release|iPhoneSimulator.Deploy.0 = Release|Any CPU
		{EC06D5A3-C74E-4CDB-B1C8-2F0D98EE57C3}.Release|x64.ActiveCfg = Release|Any CPU
		{EC06D5A3-C74E-4CDB-B1C8-2F0D98EE57C3}.Release|x64.Build.0 = Release|Any CPU
		{EC06D5A3-C74E-4CDB-B1C8-2F0D98EE57C3}.Release|x64.Deploy.0 = Release|Any CPU
		{EC06D5A3-C74E-4CDB-B1C8-2F0D98EE57C3}.Release|x86.ActiveCfg = Release|Any CPU
		{EC06D5A3-C74E-4CDB-B1C8-2F0D98EE57C3}.Release|x86.Build.0 = Release|Any CPU
		{EC06D5A3-C74E-4CDB-B1C8-2F0D98EE57C3}.Release|x86.Deploy.0 = Release|Any CPU
		{214A3F82-8587-4860-9275-64CD011FFFE4}.Ad-Hoc|Any CPU.ActiveCfg = Ad-Hoc|iPhone
		{214A3F82-8587-4860-9275-64CD011FFFE4}.Ad-Hoc|Any CPU.Build.0 = Ad-Hoc|iPhone
		{214A3F82-8587-4860-9275-64CD011FFFE4}.Ad-Hoc|Any CPU.Deploy.0 = Ad-Hoc|iPhone
		{214A3F82-8587-4860-9275-64CD011FFFE4}.Ad-Hoc|ARM.ActiveCfg = Ad-Hoc|iPhone
		{214A3F82-8587-4860-9275-64CD011FFFE4}.Ad-Hoc|ARM.Build.0 = Ad-Hoc|iPhone
		{214A3F82-8587-4860-9275-64CD011FFFE4}.Ad-Hoc|ARM.Deploy.0 = Ad-Hoc|iPhone
		{214A3F82-8587-4860-9275-64CD011FFFE4}.Ad-Hoc|iPhone.ActiveCfg = Ad-Hoc|iPhone
		{214A3F82-8587-4860-9275-64CD011FFFE4}.Ad-Hoc|iPhone.Build.0 = Ad-Hoc|iPhone
		{214A3F82-8587-4860-9275-64CD011FFFE4}.Ad-Hoc|iPhone.Deploy.0 = Ad-Hoc|iPhone
		{214A3F82-8587-4860-9275-64CD011FFFE4}.Ad-Hoc|iPhoneSimulator.ActiveCfg = Ad-Hoc|iPhoneSimulator
		{214A3F82-8587-4860-9275-64CD011FFFE4}.Ad-Hoc|iPhoneSimulator.Build.0 = Ad-Hoc|iPhoneSimulator
		{214A3F82-8587-4860-9275-64CD011FFFE4}.Ad-Hoc|iPhoneSimulator.Deploy.0 = Ad-Hoc|iPhoneSimulator
		{214A3F82-8587-4860-9275-64CD011FFFE4}.Ad-Hoc|x64.ActiveCfg = Ad-Hoc|iPhone
		{214A3F82-8587-4860-9275-64CD011FFFE4}.Ad-Hoc|x64.Build.0 = Ad-Hoc|iPhone
		{214A3F82-8587-4860-9275-64CD011FFFE4}.Ad-Hoc|x64.Deploy.0 = Ad-Hoc|iPhone
		{214A3F82-8587-4860-9275-64CD011FFFE4}.Ad-Hoc|x86.ActiveCfg = Ad-Hoc|iPhone
		{214A3F82-8587-4860-9275-64CD011FFFE4}.Ad-Hoc|x86.Build.0 = Ad-Hoc|iPhone
		{214A3F82-8587-4860-9275-64CD011FFFE4}.Ad-Hoc|x86.Deploy.0 = Ad-Hoc|iPhone
		{214A3F82-8587-4860-9275-64CD011FFFE4}.AppStore|Any CPU.ActiveCfg = AppStore|iPhone
		{214A3F82-8587-4860-9275-64CD011FFFE4}.AppStore|Any CPU.Build.0 = AppStore|iPhone
		{214A3F82-8587-4860-9275-64CD011FFFE4}.AppStore|Any CPU.Deploy.0 = AppStore|iPhone
		{214A3F82-8587-4860-9275-64CD011FFFE4}.AppStore|ARM.ActiveCfg = AppStore|iPhone
		{214A3F82-8587-4860-9275-64CD011FFFE4}.AppStore|ARM.Build.0 = AppStore|iPhone
		{214A3F82-8587-4860-9275-64CD011FFFE4}.AppStore|ARM.Deploy.0 = AppStore|iPhone
		{214A3F82-8587-4860-9275-64CD011FFFE4}.AppStore|iPhone.ActiveCfg = AppStore|iPhone
		{214A3F82-8587-4860-9275-64CD011FFFE4}.AppStore|iPhone.Build.0 = AppStore|iPhone
		{214A3F82-8587-4860-9275-64CD011FFFE4}.AppStore|iPhone.Deploy.0 = AppStore|iPhone
		{214A3F82-8587-4860-9275-64CD011FFFE4}.AppStore|iPhoneSimulator.ActiveCfg = AppStore|iPhoneSimulator
		{214A3F82-8587-4860-9275-64CD011FFFE4}.AppStore|iPhoneSimulator.Build.0 = AppStore|iPhoneSimulator
		{214A3F82-8587-4860-9275-64CD011FFFE4}.AppStore|iPhoneSimulator.Deploy.0 = AppStore|iPhoneSimulator
		{214A3F82-8587-4860-9275-64CD011FFFE4}.AppStore|x64.ActiveCfg = AppStore|iPhone
		{214A3F82-8587-4860-9275-64CD011FFFE4}.AppStore|x64.Build.0 = AppStore|iPhone
		{214A3F82-8587-4860-9275-64CD011FFFE4}.AppStore|x64.Deploy.0 = AppStore|iPhone
		{214A3F82-8587-4860-9275-64CD011FFFE4}.AppStore|x86.ActiveCfg = AppStore|iPhone
		{214A3F82-8587-4860-9275-64CD011FFFE4}.AppStore|x86.Build.0 = AppStore|iPhone
		{214A3F82-8587-4860-9275-64CD011FFFE4}.AppStore|x86.Deploy.0 = AppStore|iPhone
		{214A3F82-8587-4860-9275-64CD011FFFE4}.Debug|Any CPU.ActiveCfg = Debug|iPhoneSimulator
		{214A3F82-8587-4860-9275-64CD011FFFE4}.Debug|Any CPU.Build.0 = Debug|iPhoneSimulator
		{214A3F82-8587-4860-9275-64CD011FFFE4}.Debug|Any CPU.Deploy.0 = Debug|iPhoneSimulator
		{214A3F82-8587-4860-9275-64CD011FFFE4}.Debug|ARM.ActiveCfg = Debug|iPhone
		{214A3F82-8587-4860-9275-64CD011FFFE4}.Debug|ARM.Build.0 = Debug|iPhone
		{214A3F82-8587-4860-9275-64CD011FFFE4}.Debug|ARM.Deploy.0 = Debug|iPhone
		{214A3F82-8587-4860-9275-64CD011FFFE4}.Debug|iPhone.ActiveCfg = Debug|iPhone
		{214A3F82-8587-4860-9275-64CD011FFFE4}.Debug|iPhone.Build.0 = Debug|iPhone
		{214A3F82-8587-4860-9275-64CD011FFFE4}.Debug|iPhone.Deploy.0 = Debug|iPhone
		{214A3F82-8587-4860-9275-64CD011FFFE4}.Debug|iPhoneSimulator.ActiveCfg = Debug|iPhoneSimulator
		{214A3F82-8587-4860-9275-64CD011FFFE4}.Debug|iPhoneSimulator.Build.0 = Debug|iPhoneSimulator
		{214A3F82-8587-4860-9275-64CD011FFFE4}.Debug|iPhoneSimulator.Deploy.0 = Debug|iPhoneSimulator
		{214A3F82-8587-4860-9275-64CD011FFFE4}.Debug|x64.ActiveCfg = Debug|iPhone
		{214A3F82-8587-4860-9275-64CD011FFFE4}.Debug|x64.Build.0 = Debug|iPhone
		{214A3F82-8587-4860-9275-64CD011FFFE4}.Debug|x64.Deploy.0 = Debug|iPhone
		{214A3F82-8587-4860-9275-64CD011FFFE4}.Debug|x86.ActiveCfg = Debug|iPhone
		{214A3F82-8587-4860-9275-64CD011FFFE4}.Debug|x86.Build.0 = Debug|iPhone
		{214A3F82-8587-4860-9275-64CD011FFFE4}.Debug|x86.Deploy.0 = Debug|iPhone
		{214A3F82-8587-4860-9275-64CD011FFFE4}.Release|Any CPU.ActiveCfg = Release|iPhone
		{214A3F82-8587-4860-9275-64CD011FFFE4}.Release|Any CPU.Build.0 = Release|iPhone
		{214A3F82-8587-4860-9275-64CD011FFFE4}.Release|Any CPU.Deploy.0 = Release|iPhone
		{214A3F82-8587-4860-9275-64CD011FFFE4}.Release|ARM.ActiveCfg = Release|iPhone
		{214A3F82-8587-4860-9275-64CD011FFFE4}.Release|ARM.Build.0 = Release|iPhone
		{214A3F82-8587-4860-9275-64CD011FFFE4}.Release|ARM.Deploy.0 = Release|iPhone
		{214A3F82-8587-4860-9275-64CD011FFFE4}.Release|iPhone.ActiveCfg = Release|iPhone
		{214A3F82-8587-4860-9275-64CD011FFFE4}.Release|iPhone.Build.0 = Release|iPhone
		{214A3F82-8587-4860-9275-64CD011FFFE4}.Release|iPhone.Deploy.0 = Release|iPhone
		{214A3F82-8587-4860-9275-64CD011FFFE4}.Release|iPhoneSimulator.ActiveCfg = Release|iPhoneSimulator
		{214A3F82-8587-4860-9275-64CD011FFFE4}.Release|iPhoneSimulator.Build.0 = Release|iPhoneSimulator
		{214A3F82-8587-4860-9275-64CD011FFFE4}.Release|iPhoneSimulator.Deploy.0 = Release|iPhoneSimulator
		{214A3F82-8587-4860-9275-64CD011FFFE4}.Release|x64.ActiveCfg = Release|iPhone
		{214A3F82-8587-4860-9275-64CD011FFFE4}.Release|x64.Build.0 = Release|iPhone
		{214A3F82-8587-4860-9275-64CD011FFFE4}.Release|x64.Deploy.0 = Release|iPhone
		{214A3F82-8587-4860-9275-64CD011FFFE4}.Release|x86.ActiveCfg = Release|iPhone
		{214A3F82-8587-4860-9275-64CD011FFFE4}.Release|x86.Build.0 = Release|iPhone
		{214A3F82-8587-4860-9275-64CD011FFFE4}.Release|x86.Deploy.0 = Release|iPhone
		{6CFDCEC2-C394-4EFC-9CB5-C496ACCD7FEB}.Ad-Hoc|Any CPU.ActiveCfg = Release|x86
		{6CFDCEC2-C394-4EFC-9CB5-C496ACCD7FEB}.Ad-Hoc|Any CPU.Build.0 = Release|x86
		{6CFDCEC2-C394-4EFC-9CB5-C496ACCD7FEB}.Ad-Hoc|Any CPU.Deploy.0 = Release|x86
		{6CFDCEC2-C394-4EFC-9CB5-C496ACCD7FEB}.Ad-Hoc|ARM.ActiveCfg = Release|ARM
		{6CFDCEC2-C394-4EFC-9CB5-C496ACCD7FEB}.Ad-Hoc|ARM.Build.0 = Release|ARM
		{6CFDCEC2-C394-4EFC-9CB5-C496ACCD7FEB}.Ad-Hoc|ARM.Deploy.0 = Release|ARM
		{6CFDCEC2-C394-4EFC-9CB5-C496ACCD7FEB}.Ad-Hoc|iPhone.ActiveCfg = Release|x86
		{6CFDCEC2-C394-4EFC-9CB5-C496ACCD7FEB}.Ad-Hoc|iPhone.Build.0 = Release|x86
		{6CFDCEC2-C394-4EFC-9CB5-C496ACCD7FEB}.Ad-Hoc|iPhone.Deploy.0 = Release|x86
		{6CFDCEC2-C394-4EFC-9CB5-C496ACCD7FEB}.Ad-Hoc|iPhoneSimulator.ActiveCfg = Release|x86
		{6CFDCEC2-C394-4EFC-9CB5-C496ACCD7FEB}.Ad-Hoc|iPhoneSimulator.Build.0 = Release|x86
		{6CFDCEC2-C394-4EFC-9CB5-C496ACCD7FEB}.Ad-Hoc|iPhoneSimulator.Deploy.0 = Release|x86
		{6CFDCEC2-C394-4EFC-9CB5-C496ACCD7FEB}.Ad-Hoc|x64.ActiveCfg = Release|x64
		{6CFDCEC2-C394-4EFC-9CB5-C496ACCD7FEB}.Ad-Hoc|x64.Build.0 = Release|x64
		{6CFDCEC2-C394-4EFC-9CB5-C496ACCD7FEB}.Ad-Hoc|x64.Deploy.0 = Release|x64
		{6CFDCEC2-C394-4EFC-9CB5-C496ACCD7FEB}.Ad-Hoc|x86.ActiveCfg = Release|x86
		{6CFDCEC2-C394-4EFC-9CB5-C496ACCD7FEB}.Ad-Hoc|x86.Build.0 = Release|x86
		{6CFDCEC2-C394-4EFC-9CB5-C496ACCD7FEB}.Ad-Hoc|x86.Deploy.0 = Release|x86
		{6CFDCEC2-C394-4EFC-9CB5-C496ACCD7FEB}.AppStore|Any CPU.ActiveCfg = Release|x86
		{6CFDCEC2-C394-4EFC-9CB5-C496ACCD7FEB}.AppStore|Any CPU.Build.0 = Release|x86
		{6CFDCEC2-C394-4EFC-9CB5-C496ACCD7FEB}.AppStore|Any CPU.Deploy.0 = Release|x86
		{6CFDCEC2-C394-4EFC-9CB5-C496ACCD7FEB}.AppStore|ARM.ActiveCfg = Release|ARM
		{6CFDCEC2-C394-4EFC-9CB5-C496ACCD7FEB}.AppStore|ARM.Build.0 = Release|ARM
		{6CFDCEC2-C394-4EFC-9CB5-C496ACCD7FEB}.AppStore|ARM.Deploy.0 = Release|ARM
		{6CFDCEC2-C394-4EFC-9CB5-C496ACCD7FEB}.AppStore|iPhone.ActiveCfg = Release|x86
		{6CFDCEC2-C394-4EFC-9CB5-C496ACCD7FEB}.AppStore|iPhone.Build.0 = Release|x86
		{6CFDCEC2-C394-4EFC-9CB5-C496ACCD7FEB}.AppStore|iPhone.Deploy.0 = Release|x86
		{6CFDCEC2-C394-4EFC-9CB5-C496ACCD7FEB}.AppStore|iPhoneSimulator.ActiveCfg = Release|x86
		{6CFDCEC2-C394-4EFC-9CB5-C496ACCD7FEB}.AppStore|iPhoneSimulator.Build.0 = Release|x86
		{6CFDCEC2-C394-4EFC-9CB5-C496ACCD7FEB}.AppStore|iPhoneSimulator.Deploy.0 = Release|x86
		{6CFDCEC2-C394-4EFC-9CB5-C496ACCD7FEB}.AppStore|x64.ActiveCfg = Release|x64
		{6CFDCEC2-C394-4EFC-9CB5-C496ACCD7FEB}.AppStore|x64.Build.0 = Release|x64
		{6CFDCEC2-C394-4EFC-9CB5-C496ACCD7FEB}.AppStore|x64.Deploy.0 = Release|x64
		{6CFDCEC2-C394-4EFC-9CB5-C496ACCD7FEB}.AppStore|x86.ActiveCfg = Release|x86
		{6CFDCEC2-C394-4EFC-9CB5-C496ACCD7FEB}.AppStore|x86.Build.0 = Release|x86
		{6CFDCEC2-C394-4EFC-9CB5-C496ACCD7FEB}.AppStore|x86.Deploy.0 = Release|x86
		{6CFDCEC2-C394-4EFC-9CB5-C496ACCD7FEB}.Debug|Any CPU.ActiveCfg = Debug|x86
		{6CFDCEC2-C394-4EFC-9CB5-C496ACCD7FEB}.Debug|Any CPU.Build.0 = Debug|x86
		{6CFDCEC2-C394-4EFC-9CB5-C496ACCD7FEB}.Debug|Any CPU.Deploy.0 = Debug|x86
		{6CFDCEC2-C394-4EFC-9CB5-C496ACCD7FEB}.Debug|ARM.ActiveCfg = Debug|ARM
		{6CFDCEC2-C394-4EFC-9CB5-C496ACCD7FEB}.Debug|ARM.Build.0 = Debug|ARM
		{6CFDCEC2-C394-4EFC-9CB5-C496ACCD7FEB}.Debug|ARM.Deploy.0 = Debug|ARM
		{6CFDCEC2-C394-4EFC-9CB5-C496ACCD7FEB}.Debug|iPhone.ActiveCfg = Debug|x86
		{6CFDCEC2-C394-4EFC-9CB5-C496ACCD7FEB}.Debug|iPhone.Build.0 = Debug|x86
		{6CFDCEC2-C394-4EFC-9CB5-C496ACCD7FEB}.Debug|iPhone.Deploy.0 = Debug|x86
		{6CFDCEC2-C394-4EFC-9CB5-C496ACCD7FEB}.Debug|iPhoneSimulator.ActiveCfg = Debug|x86
		{6CFDCEC2-C394-4EFC-9CB5-C496ACCD7FEB}.Debug|iPhoneSimulator.Build.0 = Debug|x86
		{6CFDCEC2-C394-4EFC-9CB5-C496ACCD7FEB}.Debug|iPhoneSimulator.Deploy.0 = Debug|x86
		{6CFDCEC2-C394-4EFC-9CB5-C496ACCD7FEB}.Debug|x64.ActiveCfg = Debug|x64
		{6CFDCEC2-C394-4EFC-9CB5-C496ACCD7FEB}.Debug|x64.Build.0 = Debug|x64
		{6CFDCEC2-C394-4EFC-9CB5-C496ACCD7FEB}.Debug|x64.Deploy.0 = Debug|x64
		{6CFDCEC2-C394-4EFC-9CB5-C496ACCD7FEB}.Debug|x86.ActiveCfg = Debug|x86
		{6CFDCEC2-C394-4EFC-9CB5-C496ACCD7FEB}.Debug|x86.Build.0 = Debug|x86
		{6CFDCEC2-C394-4EFC-9CB5-C496ACCD7FEB}.Debug|x86.Deploy.0 = Debug|x86
		{6CFDCEC2-C394-4EFC-9CB5-C496ACCD7FEB}.Release|Any CPU.ActiveCfg = Release|x86
		{6CFDCEC2-C394-4EFC-9CB5-C496ACCD7FEB}.Release|Any CPU.Build.0 = Release|x86
		{6CFDCEC2-C394-4EFC-9CB5-C496ACCD7FEB}.Release|Any CPU.Deploy.0 = Release|x86
		{6CFDCEC2-C394-4EFC-9CB5-C496ACCD7FEB}.Release|ARM.ActiveCfg = Release|ARM
		{6CFDCEC2-C394-4EFC-9CB5-C496ACCD7FEB}.Release|ARM.Build.0 = Release|ARM
		{6CFDCEC2-C394-4EFC-9CB5-C496ACCD7FEB}.Release|ARM.Deploy.0 = Release|ARM
		{6CFDCEC2-C394-4EFC-9CB5-C496ACCD7FEB}.Release|iPhone.ActiveCfg = Release|x86
		{6CFDCEC2-C394-4EFC-9CB5-C496ACCD7FEB}.Release|iPhone.Build.0 = Release|x86
		{6CFDCEC2-C394-4EFC-9CB5-C496ACCD7FEB}.Release|iPhone.Deploy.0 = Release|x86
		{6CFDCEC2-C394-4EFC-9CB5-C496ACCD7FEB}.Release|iPhoneSimulator.ActiveCfg = Release|x86
		{6CFDCEC2-C394-4EFC-9CB5-C496ACCD7FEB}.Release|iPhoneSimulator.Build.0 = Release|x86
		{6CFDCEC2-C394-4EFC-9CB5-C496ACCD7FEB}.Release|iPhoneSimulator.Deploy.0 = Release|x86
		{6CFDCEC2-C394-4EFC-9CB5-C496ACCD7FEB}.Release|x64.ActiveCfg = Release|x64
		{6CFDCEC2-C394-4EFC-9CB5-C496ACCD7FEB}.Release|x64.Build.0 = Release|x64
		{6CFDCEC2-C394-4EFC-9CB5-C496ACCD7FEB}.Release|x64.Deploy.0 = Release|x64
		{6CFDCEC2-C394-4EFC-9CB5-C496ACCD7FEB}.Release|x86.ActiveCfg = Release|x86
		{6CFDCEC2-C394-4EFC-9CB5-C496ACCD7FEB}.Release|x86.Build.0 = Release|x86
		{6CFDCEC2-C394-4EFC-9CB5-C496ACCD7FEB}.Release|x86.Deploy.0 = Release|x86
		{F052F717-57B9-4ABC-A657-0E68CC5FA18B}.Ad-Hoc|Any CPU.ActiveCfg = Debug|Any CPU
		{F052F717-57B9-4ABC-A657-0E68CC5FA18B}.Ad-Hoc|Any CPU.Build.0 = Debug|Any CPU
		{F052F717-57B9-4ABC-A657-0E68CC5FA18B}.Ad-Hoc|Any CPU.Deploy.0 = Debug|Any CPU
		{F052F717-57B9-4ABC-A657-0E68CC5FA18B}.Ad-Hoc|ARM.ActiveCfg = Debug|Any CPU
		{F052F717-57B9-4ABC-A657-0E68CC5FA18B}.Ad-Hoc|ARM.Build.0 = Debug|Any CPU
		{F052F717-57B9-4ABC-A657-0E68CC5FA18B}.Ad-Hoc|ARM.Deploy.0 = Debug|Any CPU
		{F052F717-57B9-4ABC-A657-0E68CC5FA18B}.Ad-Hoc|iPhone.ActiveCfg = Debug|Any CPU
		{F052F717-57B9-4ABC-A657-0E68CC5FA18B}.Ad-Hoc|iPhone.Build.0 = Debug|Any CPU
		{F052F717-57B9-4ABC-A657-0E68CC5FA18B}.Ad-Hoc|iPhone.Deploy.0 = Debug|Any CPU
		{F052F717-57B9-4ABC-A657-0E68CC5FA18B}.Ad-Hoc|iPhoneSimulator.ActiveCfg = Debug|Any CPU
		{F052F717-57B9-4ABC-A657-0E68CC5FA18B}.Ad-Hoc|iPhoneSimulator.Build.0 = Debug|Any CPU
		{F052F717-57B9-4ABC-A657-0E68CC5FA18B}.Ad-Hoc|iPhoneSimulator.Deploy.0 = Debug|Any CPU
		{F052F717-57B9-4ABC-A657-0E68CC5FA18B}.Ad-Hoc|x64.ActiveCfg = Debug|Any CPU
		{F052F717-57B9-4ABC-A657-0E68CC5FA18B}.Ad-Hoc|x64.Build.0 = Debug|Any CPU
		{F052F717-57B9-4ABC-A657-0E68CC5FA18B}.Ad-Hoc|x64.Deploy.0 = Debug|Any CPU
		{F052F717-57B9-4ABC-A657-0E68CC5FA18B}.Ad-Hoc|x86.ActiveCfg = Debug|Any CPU
		{F052F717-57B9-4ABC-A657-0E68CC5FA18B}.Ad-Hoc|x86.Build.0 = Debug|Any CPU
		{F052F717-57B9-4ABC-A657-0E68CC5FA18B}.Ad-Hoc|x86.Deploy.0 = Debug|Any CPU
		{F052F717-57B9-4ABC-A657-0E68CC5FA18B}.AppStore|Any CPU.ActiveCfg = Debug|Any CPU
		{F052F717-57B9-4ABC-A657-0E68CC5FA18B}.AppStore|Any CPU.Build.0 = Debug|Any CPU
		{F052F717-57B9-4ABC-A657-0E68CC5FA18B}.AppStore|Any CPU.Deploy.0 = Debug|Any CPU
		{F052F717-57B9-4ABC-A657-0E68CC5FA18B}.AppStore|ARM.ActiveCfg = Debug|Any CPU
		{F052F717-57B9-4ABC-A657-0E68CC5FA18B}.AppStore|ARM.Build.0 = Debug|Any CPU
		{F052F717-57B9-4ABC-A657-0E68CC5FA18B}.AppStore|ARM.Deploy.0 = Debug|Any CPU
		{F052F717-57B9-4ABC-A657-0E68CC5FA18B}.AppStore|iPhone.ActiveCfg = Debug|Any CPU
		{F052F717-57B9-4ABC-A657-0E68CC5FA18B}.AppStore|iPhone.Build.0 = Debug|Any CPU
		{F052F717-57B9-4ABC-A657-0E68CC5FA18B}.AppStore|iPhone.Deploy.0 = Debug|Any CPU
		{F052F717-57B9-4ABC-A657-0E68CC5FA18B}.AppStore|iPhoneSimulator.ActiveCfg = Debug|Any CPU
		{F052F717-57B9-4ABC-A657-0E68CC5FA18B}.AppStore|iPhoneSimulator.Build.0 = Debug|Any CPU
		{F052F717-57B9-4ABC-A657-0E68CC5FA18B}.AppStore|iPhoneSimulator.Deploy.0 = Debug|Any CPU
		{F052F717-57B9-4ABC-A657-0E68CC5FA18B}.AppStore|x64.ActiveCfg = Debug|Any CPU
		{F052F717-57B9-4ABC-A657-0E68CC5FA18B}.AppStore|x64.Build.0 = Debug|Any CPU
		{F052F717-57B9-4ABC-A657-0E68CC5FA18B}.AppStore|x64.Deploy.0 = Debug|Any CPU
		{F052F717-57B9-4ABC-A657-0E68CC5FA18B}.AppStore|x86.ActiveCfg = Debug|Any CPU
		{F052F717-57B9-4ABC-A657-0E68CC5FA18B}.AppStore|x86.Build.0 = Debug|Any CPU
		{F052F717-57B9-4ABC-A657-0E68CC5FA18B}.AppStore|x86.Deploy.0 = Debug|Any CPU
		{F052F717-57B9-4ABC-A657-0E68CC5FA18B}.Debug|Any CPU.ActiveCfg = Debug|Any CPU
		{F052F717-57B9-4ABC-A657-0E68CC5FA18B}.Debug|Any CPU.Build.0 = Debug|Any CPU
		{F052F717-57B9-4ABC-A657-0E68CC5FA18B}.Debug|Any CPU.Deploy.0 = Debug|Any CPU
		{F052F717-57B9-4ABC-A657-0E68CC5FA18B}.Debug|ARM.ActiveCfg = Debug|Any CPU
		{F052F717-57B9-4ABC-A657-0E68CC5FA18B}.Debug|ARM.Build.0 = Debug|Any CPU
		{F052F717-57B9-4ABC-A657-0E68CC5FA18B}.Debug|ARM.Deploy.0 = Debug|Any CPU
		{F052F717-57B9-4ABC-A657-0E68CC5FA18B}.Debug|iPhone.ActiveCfg = Debug|Any CPU
		{F052F717-57B9-4ABC-A657-0E68CC5FA18B}.Debug|iPhone.Build.0 = Debug|Any CPU
		{F052F717-57B9-4ABC-A657-0E68CC5FA18B}.Debug|iPhone.Deploy.0 = Debug|Any CPU
		{F052F717-57B9-4ABC-A657-0E68CC5FA18B}.Debug|iPhoneSimulator.ActiveCfg = Debug|Any CPU
		{F052F717-57B9-4ABC-A657-0E68CC5FA18B}.Debug|iPhoneSimulator.Build.0 = Debug|Any CPU
		{F052F717-57B9-4ABC-A657-0E68CC5FA18B}.Debug|iPhoneSimulator.Deploy.0 = Debug|Any CPU
		{F052F717-57B9-4ABC-A657-0E68CC5FA18B}.Debug|x64.ActiveCfg = Debug|Any CPU
		{F052F717-57B9-4ABC-A657-0E68CC5FA18B}.Debug|x64.Build.0 = Debug|Any CPU
		{F052F717-57B9-4ABC-A657-0E68CC5FA18B}.Debug|x64.Deploy.0 = Debug|Any CPU
		{F052F717-57B9-4ABC-A657-0E68CC5FA18B}.Debug|x86.ActiveCfg = Debug|Any CPU
		{F052F717-57B9-4ABC-A657-0E68CC5FA18B}.Debug|x86.Build.0 = Debug|Any CPU
		{F052F717-57B9-4ABC-A657-0E68CC5FA18B}.Debug|x86.Deploy.0 = Debug|Any CPU
		{F052F717-57B9-4ABC-A657-0E68CC5FA18B}.Release|Any CPU.ActiveCfg = Release|Any CPU
		{F052F717-57B9-4ABC-A657-0E68CC5FA18B}.Release|Any CPU.Build.0 = Release|Any CPU
		{F052F717-57B9-4ABC-A657-0E68CC5FA18B}.Release|Any CPU.Deploy.0 = Release|Any CPU
		{F052F717-57B9-4ABC-A657-0E68CC5FA18B}.Release|ARM.ActiveCfg = Release|Any CPU
		{F052F717-57B9-4ABC-A657-0E68CC5FA18B}.Release|ARM.Build.0 = Release|Any CPU
		{F052F717-57B9-4ABC-A657-0E68CC5FA18B}.Release|ARM.Deploy.0 = Release|Any CPU
		{F052F717-57B9-4ABC-A657-0E68CC5FA18B}.Release|iPhone.ActiveCfg = Release|Any CPU
		{F052F717-57B9-4ABC-A657-0E68CC5FA18B}.Release|iPhone.Build.0 = Release|Any CPU
		{F052F717-57B9-4ABC-A657-0E68CC5FA18B}.Release|iPhone.Deploy.0 = Release|Any CPU
		{F052F717-57B9-4ABC-A657-0E68CC5FA18B}.Release|iPhoneSimulator.ActiveCfg = Release|Any CPU
		{F052F717-57B9-4ABC-A657-0E68CC5FA18B}.Release|iPhoneSimulator.Build.0 = Release|Any CPU
		{F052F717-57B9-4ABC-A657-0E68CC5FA18B}.Release|iPhoneSimulator.Deploy.0 = Release|Any CPU
		{F052F717-57B9-4ABC-A657-0E68CC5FA18B}.Release|x64.ActiveCfg = Release|Any CPU
		{F052F717-57B9-4ABC-A657-0E68CC5FA18B}.Release|x64.Build.0 = Release|Any CPU
		{F052F717-57B9-4ABC-A657-0E68CC5FA18B}.Release|x64.Deploy.0 = Release|Any CPU
		{F052F717-57B9-4ABC-A657-0E68CC5FA18B}.Release|x86.ActiveCfg = Release|Any CPU
		{F052F717-57B9-4ABC-A657-0E68CC5FA18B}.Release|x86.Build.0 = Release|Any CPU
		{F052F717-57B9-4ABC-A657-0E68CC5FA18B}.Release|x86.Deploy.0 = Release|Any CPU
	EndGlobalSection
	GlobalSection(SolutionProperties) = preSolution
		HideSolutionNode = FALSE
	EndGlobalSection
	GlobalSection(ExtensibilityGlobals) = postSolution
		SolutionGuid = {84F12C7B-0282-488C-B440-2DF4BC183F6F}
	EndGlobalSection
EndGlobal
